// !$*UTF8*$!
{
	archiveVersion = 1;
	classes = {
	};
	objectVersion = 46;
	objects = {

/* Begin PBXBuildFile section */
		E1307F091FB100C3008D28C4 /* Configuration.swift in Sources */ = {isa = PBXBuildFile; fileRef = E1307F081FB100C3008D28C4 /* Configuration.swift */; };
		E1307F0B1FB1020F008D28C4 /* Descriptive.swift in Sources */ = {isa = PBXBuildFile; fileRef = E1307F0A1FB1020F008D28C4 /* Descriptive.swift */; };
		E1307F0D1FB10468008D28C4 /* Error.swift in Sources */ = {isa = PBXBuildFile; fileRef = E1307F0C1FB10468008D28C4 /* Error.swift */; };
		E1307F0F1FB1050D008D28C4 /* Measured.swift in Sources */ = {isa = PBXBuildFile; fileRef = E1307F0E1FB1050D008D28C4 /* Measured.swift */; };
		E1307F111FB1088D008D28C4 /* Unique.swift in Sources */ = {isa = PBXBuildFile; fileRef = E1307F101FB1088D008D28C4 /* Unique.swift */; };
		E1307F131FB10ACE008D28C4 /* Sequenced.swift in Sources */ = {isa = PBXBuildFile; fileRef = E1307F121FB10ACE008D28C4 /* Sequenced.swift */; };
		E1307F151FB10B10008D28C4 /* Multimedia.swift in Sources */ = {isa = PBXBuildFile; fileRef = E1307F141FB10B10008D28C4 /* Multimedia.swift */; };
		E1307F171FB10B34008D28C4 /* Proportioned.swift in Sources */ = {isa = PBXBuildFile; fileRef = E1307F161FB10B34008D28C4 /* Proportioned.swift */; };
		E1307F191FB10B79008D28C4 /* Ingredient.swift in Sources */ = {isa = PBXBuildFile; fileRef = E1307F181FB10B79008D28C4 /* Ingredient.swift */; };
		E1307F1B1FB10B95008D28C4 /* Recipe.swift in Sources */ = {isa = PBXBuildFile; fileRef = E1307F1A1FB10B95008D28C4 /* Recipe.swift */; };
		E1307F1D1FB10BAA008D28C4 /* FormulaElement.swift in Sources */ = {isa = PBXBuildFile; fileRef = E1307F1C1FB10BAA008D28C4 /* FormulaElement.swift */; };
		E1307F1F1FB10BBB008D28C4 /* ProcedureElement.swift in Sources */ = {isa = PBXBuildFile; fileRef = E1307F1E1FB10BBB008D28C4 /* ProcedureElement.swift */; };
		E1D543201FB3A773003E2777 /* MiseEnPlace.framework in Frameworks */ = {isa = PBXBuildFile; fileRef = E1E02C791B6F200A00FEDC95 /* MiseEnPlace.framework */; };
		E1D543271FB3A79B003E2777 /* ConvertableIngredient.swift in Sources */ = {isa = PBXBuildFile; fileRef = E1E46A741FAD09AB0046D564 /* ConvertableIngredient.swift */; };
		E1D543281FB3A79B003E2777 /* EachMeasurementUnitTests.swift in Sources */ = {isa = PBXBuildFile; fileRef = E1E46A7A1FAD09AB0046D564 /* EachMeasurementUnitTests.swift */; };
		E1D543291FB3A79B003E2777 /* EqualRatioIngredientTests.swift in Sources */ = {isa = PBXBuildFile; fileRef = E1E46A791FAD09AB0046D564 /* EqualRatioIngredientTests.swift */; };
		E1D5432A1FB3A79B003E2777 /* HighMassRatioIngredientTests.swift in Sources */ = {isa = PBXBuildFile; fileRef = E1E46A771FAD09AB0046D564 /* HighMassRatioIngredientTests.swift */; };
		E1D5432B1FB3A79B003E2777 /* HighVolumeRatioIngredientTests.swift in Sources */ = {isa = PBXBuildFile; fileRef = E1E46A731FAD09AB0046D564 /* HighVolumeRatioIngredientTests.swift */; };
		E1D5432D1FB3A79B003E2777 /* LooseConversionTests.swift in Sources */ = {isa = PBXBuildFile; fileRef = E1E46A751FAD09AB0046D564 /* LooseConversionTests.swift */; };
		E1D5432E1FB3A79B003E2777 /* MeasurementUnitTests.swift in Sources */ = {isa = PBXBuildFile; fileRef = E1E46A761FAD09AB0046D564 /* MeasurementUnitTests.swift */; };
		E1D5432F1FB3A79B003E2777 /* RatioTests.swift in Sources */ = {isa = PBXBuildFile; fileRef = E1E46A7B1FAD09AB0046D564 /* RatioTests.swift */; };
		E1D543321FB3AABD003E2777 /* ConfigurationTests.swift in Sources */ = {isa = PBXBuildFile; fileRef = E1D543311FB3AABD003E2777 /* ConfigurationTests.swift */; };
		E1D543341FB3B102003E2777 /* MeasurementTests.swift in Sources */ = {isa = PBXBuildFile; fileRef = E1D543331FB3B102003E2777 /* MeasurementTests.swift */; };
		E1D543361FB3C26F003E2777 /* Convertable.swift in Sources */ = {isa = PBXBuildFile; fileRef = E1D543351FB3C26F003E2777 /* Convertable.swift */; };
		E1D543381FB3C330003E2777 /* ScaleParameters.swift in Sources */ = {isa = PBXBuildFile; fileRef = E1D543371FB3C330003E2777 /* ScaleParameters.swift */; };
		E1D5433A1FB3C36D003E2777 /* DescriptiveTests.swift in Sources */ = {isa = PBXBuildFile; fileRef = E1D543391FB3C36D003E2777 /* DescriptiveTests.swift */; };
		E1D5433C1FB3E4FD003E2777 /* DoubleTests.swift in Sources */ = {isa = PBXBuildFile; fileRef = E1D5433B1FB3E4FD003E2777 /* DoubleTests.swift */; };
		E1D5433E1FB49163003E2777 /* FormulaElementTests.swift in Sources */ = {isa = PBXBuildFile; fileRef = E1D5433D1FB49163003E2777 /* FormulaElementTests.swift */; };
		E1D543401FB49A1F003E2777 /* _SharedModels.swift in Sources */ = {isa = PBXBuildFile; fileRef = E1D5433F1FB49A1F003E2777 /* _SharedModels.swift */; };
		E1E46A651FAD09A20046D564 /* MeasurementMethod.swift in Sources */ = {isa = PBXBuildFile; fileRef = E1E46A571FAD09A20046D564 /* MeasurementMethod.swift */; };
		E1E46A661FAD09A20046D564 /* MeasurementSystem.swift in Sources */ = {isa = PBXBuildFile; fileRef = E1E46A581FAD09A20046D564 /* MeasurementSystem.swift */; };
		E1E46A671FAD09A20046D564 /* Ratio.swift in Sources */ = {isa = PBXBuildFile; fileRef = E1E46A591FAD09A20046D564 /* Ratio.swift */; };
		E1E46A681FAD09A20046D564 /* Double+MiseEnPlace.swift in Sources */ = {isa = PBXBuildFile; fileRef = E1E46A5A1FAD09A20046D564 /* Double+MiseEnPlace.swift */; };
		E1E46A691FAD09A20046D564 /* MeasurementSystemMethod.swift in Sources */ = {isa = PBXBuildFile; fileRef = E1E46A5B1FAD09A20046D564 /* MeasurementSystemMethod.swift */; };
		E1E46A6A1FAD09A20046D564 /* Fraction.swift in Sources */ = {isa = PBXBuildFile; fileRef = E1E46A5C1FAD09A20046D564 /* Fraction.swift */; };
		E1E46A6B1FAD09A20046D564 /* MeasurementInputView.swift in Sources */ = {isa = PBXBuildFile; fileRef = E1E46A5D1FAD09A20046D564 /* MeasurementInputView.swift */; };
		E1E46A6C1FAD09A20046D564 /* Intergral.swift in Sources */ = {isa = PBXBuildFile; fileRef = E1E46A5E1FAD09A20046D564 /* Intergral.swift */; };
		E1E46A6E1FAD09A20046D564 /* Measurement.swift in Sources */ = {isa = PBXBuildFile; fileRef = E1E46A601FAD09A20046D564 /* Measurement.swift */; };
		E1E46A6F1FAD09A20046D564 /* MeasurementUnit.swift in Sources */ = {isa = PBXBuildFile; fileRef = E1E46A611FAD09A20046D564 /* MeasurementUnit.swift */; };
		E1E46A711FAD09A20046D564 /* String+MiseEnPlace.swift in Sources */ = {isa = PBXBuildFile; fileRef = E1E46A631FAD09A20046D564 /* String+MiseEnPlace.swift */; };
/* End PBXBuildFile section */

/* Begin PBXContainerItemProxy section */
		E1D543211FB3A773003E2777 /* PBXContainerItemProxy */ = {
			isa = PBXContainerItemProxy;
			containerPortal = E1E02C701B6F200A00FEDC95 /* Project object */;
			proxyType = 1;
			remoteGlobalIDString = E1E02C781B6F200A00FEDC95;
			remoteInfo = MiseEnPlace;
		};
/* End PBXContainerItemProxy section */

/* Begin PBXFileReference section */
		E12682221D26F699006B4887 /* Package.swift */ = {isa = PBXFileReference; fileEncoding = 4; lastKnownFileType = sourcecode.swift; path = Package.swift; sourceTree = "<group>"; };
		E12682241D26F70E006B4887 /* README.md */ = {isa = PBXFileReference; fileEncoding = 4; lastKnownFileType = net.daringfireball.markdown; path = README.md; sourceTree = "<group>"; };
		E12682261D26F714006B4887 /* MiseEnPlace.podspec */ = {isa = PBXFileReference; fileEncoding = 4; lastKnownFileType = text; path = MiseEnPlace.podspec; sourceTree = "<group>"; };
		E1307F081FB100C3008D28C4 /* Configuration.swift */ = {isa = PBXFileReference; lastKnownFileType = sourcecode.swift; path = Configuration.swift; sourceTree = "<group>"; };
		E1307F0A1FB1020F008D28C4 /* Descriptive.swift */ = {isa = PBXFileReference; lastKnownFileType = sourcecode.swift; path = Descriptive.swift; sourceTree = "<group>"; };
		E1307F0C1FB10468008D28C4 /* Error.swift */ = {isa = PBXFileReference; lastKnownFileType = sourcecode.swift; path = Error.swift; sourceTree = "<group>"; };
		E1307F0E1FB1050D008D28C4 /* Measured.swift */ = {isa = PBXFileReference; lastKnownFileType = sourcecode.swift; path = Measured.swift; sourceTree = "<group>"; };
		E1307F101FB1088D008D28C4 /* Unique.swift */ = {isa = PBXFileReference; lastKnownFileType = sourcecode.swift; path = Unique.swift; sourceTree = "<group>"; };
		E1307F121FB10ACE008D28C4 /* Sequenced.swift */ = {isa = PBXFileReference; lastKnownFileType = sourcecode.swift; path = Sequenced.swift; sourceTree = "<group>"; };
		E1307F141FB10B10008D28C4 /* Multimedia.swift */ = {isa = PBXFileReference; lastKnownFileType = sourcecode.swift; path = Multimedia.swift; sourceTree = "<group>"; };
		E1307F161FB10B34008D28C4 /* Proportioned.swift */ = {isa = PBXFileReference; lastKnownFileType = sourcecode.swift; path = Proportioned.swift; sourceTree = "<group>"; };
		E1307F181FB10B79008D28C4 /* Ingredient.swift */ = {isa = PBXFileReference; lastKnownFileType = sourcecode.swift; path = Ingredient.swift; sourceTree = "<group>"; };
		E1307F1A1FB10B95008D28C4 /* Recipe.swift */ = {isa = PBXFileReference; lastKnownFileType = sourcecode.swift; path = Recipe.swift; sourceTree = "<group>"; };
		E1307F1C1FB10BAA008D28C4 /* FormulaElement.swift */ = {isa = PBXFileReference; lastKnownFileType = sourcecode.swift; path = FormulaElement.swift; sourceTree = "<group>"; };
		E1307F1E1FB10BBB008D28C4 /* ProcedureElement.swift */ = {isa = PBXFileReference; lastKnownFileType = sourcecode.swift; path = ProcedureElement.swift; sourceTree = "<group>"; };
		E1C1028E1FAD0FC70092C123 /* LICENSE */ = {isa = PBXFileReference; fileEncoding = 4; lastKnownFileType = text; path = LICENSE; sourceTree = "<group>"; };
		E1D5431B1FB3A773003E2777 /* MiseEnPlaceTests.xctest */ = {isa = PBXFileReference; explicitFileType = wrapper.cfbundle; includeInIndex = 0; path = MiseEnPlaceTests.xctest; sourceTree = BUILT_PRODUCTS_DIR; };
		E1D543311FB3AABD003E2777 /* ConfigurationTests.swift */ = {isa = PBXFileReference; lastKnownFileType = sourcecode.swift; path = ConfigurationTests.swift; sourceTree = "<group>"; };
		E1D543331FB3B102003E2777 /* MeasurementTests.swift */ = {isa = PBXFileReference; lastKnownFileType = sourcecode.swift; path = MeasurementTests.swift; sourceTree = "<group>"; };
		E1D543351FB3C26F003E2777 /* Convertable.swift */ = {isa = PBXFileReference; fileEncoding = 4; lastKnownFileType = sourcecode.swift; path = Convertable.swift; sourceTree = "<group>"; };
		E1D543371FB3C330003E2777 /* ScaleParameters.swift */ = {isa = PBXFileReference; fileEncoding = 4; lastKnownFileType = sourcecode.swift; path = ScaleParameters.swift; sourceTree = "<group>"; };
		E1D543391FB3C36D003E2777 /* DescriptiveTests.swift */ = {isa = PBXFileReference; lastKnownFileType = sourcecode.swift; path = DescriptiveTests.swift; sourceTree = "<group>"; };
		E1D5433B1FB3E4FD003E2777 /* DoubleTests.swift */ = {isa = PBXFileReference; lastKnownFileType = sourcecode.swift; path = DoubleTests.swift; sourceTree = "<group>"; };
		E1D5433D1FB49163003E2777 /* FormulaElementTests.swift */ = {isa = PBXFileReference; lastKnownFileType = sourcecode.swift; path = FormulaElementTests.swift; sourceTree = "<group>"; };
		E1D5433F1FB49A1F003E2777 /* _SharedModels.swift */ = {isa = PBXFileReference; lastKnownFileType = sourcecode.swift; path = _SharedModels.swift; sourceTree = "<group>"; };
		E1E02C791B6F200A00FEDC95 /* MiseEnPlace.framework */ = {isa = PBXFileReference; explicitFileType = wrapper.framework; includeInIndex = 0; path = MiseEnPlace.framework; sourceTree = BUILT_PRODUCTS_DIR; };
		E1E02C7D1B6F200A00FEDC95 /* Info.plist */ = {isa = PBXFileReference; lastKnownFileType = text.plist.xml; path = Info.plist; sourceTree = "<group>"; };
		E1E02C8A1B6F200A00FEDC95 /* Info.plist */ = {isa = PBXFileReference; lastKnownFileType = text.plist.xml; path = Info.plist; sourceTree = "<group>"; };
		E1E46A571FAD09A20046D564 /* MeasurementMethod.swift */ = {isa = PBXFileReference; fileEncoding = 4; lastKnownFileType = sourcecode.swift; path = MeasurementMethod.swift; sourceTree = "<group>"; };
		E1E46A581FAD09A20046D564 /* MeasurementSystem.swift */ = {isa = PBXFileReference; fileEncoding = 4; lastKnownFileType = sourcecode.swift; path = MeasurementSystem.swift; sourceTree = "<group>"; };
		E1E46A591FAD09A20046D564 /* Ratio.swift */ = {isa = PBXFileReference; fileEncoding = 4; lastKnownFileType = sourcecode.swift; path = Ratio.swift; sourceTree = "<group>"; };
		E1E46A5A1FAD09A20046D564 /* Double+MiseEnPlace.swift */ = {isa = PBXFileReference; fileEncoding = 4; lastKnownFileType = sourcecode.swift; path = "Double+MiseEnPlace.swift"; sourceTree = "<group>"; };
		E1E46A5B1FAD09A20046D564 /* MeasurementSystemMethod.swift */ = {isa = PBXFileReference; fileEncoding = 4; lastKnownFileType = sourcecode.swift; path = MeasurementSystemMethod.swift; sourceTree = "<group>"; };
		E1E46A5C1FAD09A20046D564 /* Fraction.swift */ = {isa = PBXFileReference; fileEncoding = 4; lastKnownFileType = sourcecode.swift; path = Fraction.swift; sourceTree = "<group>"; };
		E1E46A5D1FAD09A20046D564 /* MeasurementInputView.swift */ = {isa = PBXFileReference; fileEncoding = 4; lastKnownFileType = sourcecode.swift; path = MeasurementInputView.swift; sourceTree = "<group>"; };
		E1E46A5E1FAD09A20046D564 /* Intergral.swift */ = {isa = PBXFileReference; fileEncoding = 4; lastKnownFileType = sourcecode.swift; path = Intergral.swift; sourceTree = "<group>"; };
		E1E46A601FAD09A20046D564 /* Measurement.swift */ = {isa = PBXFileReference; fileEncoding = 4; lastKnownFileType = sourcecode.swift; path = Measurement.swift; sourceTree = "<group>"; };
		E1E46A611FAD09A20046D564 /* MeasurementUnit.swift */ = {isa = PBXFileReference; fileEncoding = 4; lastKnownFileType = sourcecode.swift; path = MeasurementUnit.swift; sourceTree = "<group>"; };
		E1E46A631FAD09A20046D564 /* String+MiseEnPlace.swift */ = {isa = PBXFileReference; fileEncoding = 4; lastKnownFileType = sourcecode.swift; path = "String+MiseEnPlace.swift"; sourceTree = "<group>"; };
		E1E46A731FAD09AB0046D564 /* HighVolumeRatioIngredientTests.swift */ = {isa = PBXFileReference; fileEncoding = 4; lastKnownFileType = sourcecode.swift; path = HighVolumeRatioIngredientTests.swift; sourceTree = "<group>"; };
		E1E46A741FAD09AB0046D564 /* ConvertableIngredient.swift */ = {isa = PBXFileReference; fileEncoding = 4; lastKnownFileType = sourcecode.swift; path = ConvertableIngredient.swift; sourceTree = "<group>"; };
		E1E46A751FAD09AB0046D564 /* LooseConversionTests.swift */ = {isa = PBXFileReference; fileEncoding = 4; lastKnownFileType = sourcecode.swift; path = LooseConversionTests.swift; sourceTree = "<group>"; };
		E1E46A761FAD09AB0046D564 /* MeasurementUnitTests.swift */ = {isa = PBXFileReference; fileEncoding = 4; lastKnownFileType = sourcecode.swift; path = MeasurementUnitTests.swift; sourceTree = "<group>"; };
		E1E46A771FAD09AB0046D564 /* HighMassRatioIngredientTests.swift */ = {isa = PBXFileReference; fileEncoding = 4; lastKnownFileType = sourcecode.swift; path = HighMassRatioIngredientTests.swift; sourceTree = "<group>"; };
		E1E46A791FAD09AB0046D564 /* EqualRatioIngredientTests.swift */ = {isa = PBXFileReference; fileEncoding = 4; lastKnownFileType = sourcecode.swift; path = EqualRatioIngredientTests.swift; sourceTree = "<group>"; };
		E1E46A7A1FAD09AB0046D564 /* EachMeasurementUnitTests.swift */ = {isa = PBXFileReference; fileEncoding = 4; lastKnownFileType = sourcecode.swift; path = EachMeasurementUnitTests.swift; sourceTree = "<group>"; };
		E1E46A7B1FAD09AB0046D564 /* RatioTests.swift */ = {isa = PBXFileReference; fileEncoding = 4; lastKnownFileType = sourcecode.swift; path = RatioTests.swift; sourceTree = "<group>"; };
/* End PBXFileReference section */

/* Begin PBXFrameworksBuildPhase section */
		E1D543181FB3A773003E2777 /* Frameworks */ = {
			isa = PBXFrameworksBuildPhase;
			buildActionMask = 2147483647;
			files = (
				E1D543201FB3A773003E2777 /* MiseEnPlace.framework in Frameworks */,
			);
			runOnlyForDeploymentPostprocessing = 0;
		};
		E1E02C751B6F200A00FEDC95 /* Frameworks */ = {
			isa = PBXFrameworksBuildPhase;
			buildActionMask = 2147483647;
			files = (
			);
			runOnlyForDeploymentPostprocessing = 0;
		};
/* End PBXFrameworksBuildPhase section */

/* Begin PBXGroup section */
		E1E02C6F1B6F200A00FEDC95 = {
			isa = PBXGroup;
			children = (
				E1C1028E1FAD0FC70092C123 /* LICENSE */,
				E12682261D26F714006B4887 /* MiseEnPlace.podspec */,
				E12682221D26F699006B4887 /* Package.swift */,
				E12682241D26F70E006B4887 /* README.md */,
				E1E46A551FAD09A20046D564 /* Sources */,
				E1E46A721FAD09AB0046D564 /* Tests */,
				E1E02C7B1B6F200A00FEDC95 /* MiseEnPlace */,
				E1E02C881B6F200A00FEDC95 /* MiseEnPlaceTests */,
				E1E02C7A1B6F200A00FEDC95 /* Products */,
			);
			sourceTree = "<group>";
		};
		E1E02C7A1B6F200A00FEDC95 /* Products */ = {
			isa = PBXGroup;
			children = (
				E1E02C791B6F200A00FEDC95 /* MiseEnPlace.framework */,
				E1D5431B1FB3A773003E2777 /* MiseEnPlaceTests.xctest */,
			);
			name = Products;
			sourceTree = "<group>";
		};
		E1E02C7B1B6F200A00FEDC95 /* MiseEnPlace */ = {
			isa = PBXGroup;
			children = (
				E1E02C7C1B6F200A00FEDC95 /* Supporting Files */,
			);
			path = MiseEnPlace;
			sourceTree = "<group>";
		};
		E1E02C7C1B6F200A00FEDC95 /* Supporting Files */ = {
			isa = PBXGroup;
			children = (
				E1E02C7D1B6F200A00FEDC95 /* Info.plist */,
			);
			name = "Supporting Files";
			sourceTree = "<group>";
		};
		E1E02C881B6F200A00FEDC95 /* MiseEnPlaceTests */ = {
			isa = PBXGroup;
			children = (
				E1E02C891B6F200A00FEDC95 /* Supporting Files */,
			);
			path = MiseEnPlaceTests;
			sourceTree = "<group>";
		};
		E1E02C891B6F200A00FEDC95 /* Supporting Files */ = {
			isa = PBXGroup;
			children = (
				E1E02C8A1B6F200A00FEDC95 /* Info.plist */,
			);
			name = "Supporting Files";
			sourceTree = "<group>";
		};
		E1E46A551FAD09A20046D564 /* Sources */ = {
			isa = PBXGroup;
			children = (
				E1307F081FB100C3008D28C4 /* Configuration.swift */,
				E1307F0A1FB1020F008D28C4 /* Descriptive.swift */,
				E1E46A5A1FAD09A20046D564 /* Double+MiseEnPlace.swift */,
				E1307F0C1FB10468008D28C4 /* Error.swift */,
				E1307F1C1FB10BAA008D28C4 /* FormulaElement.swift */,
				E1E46A5C1FAD09A20046D564 /* Fraction.swift */,
				E1307F181FB10B79008D28C4 /* Ingredient.swift */,
				E1E46A5E1FAD09A20046D564 /* Intergral.swift */,
				E1307F0E1FB1050D008D28C4 /* Measured.swift */,
				E1E46A601FAD09A20046D564 /* Measurement.swift */,
				E1E46A5D1FAD09A20046D564 /* MeasurementInputView.swift */,
				E1E46A571FAD09A20046D564 /* MeasurementMethod.swift */,
				E1E46A581FAD09A20046D564 /* MeasurementSystem.swift */,
				E1E46A5B1FAD09A20046D564 /* MeasurementSystemMethod.swift */,
				E1E46A611FAD09A20046D564 /* MeasurementUnit.swift */,
				E1307F141FB10B10008D28C4 /* Multimedia.swift */,
				E1307F1E1FB10BBB008D28C4 /* ProcedureElement.swift */,
				E1307F161FB10B34008D28C4 /* Proportioned.swift */,
				E1E46A591FAD09A20046D564 /* Ratio.swift */,
				E1307F1A1FB10B95008D28C4 /* Recipe.swift */,
				E1307F121FB10ACE008D28C4 /* Sequenced.swift */,
				E1E46A631FAD09A20046D564 /* String+MiseEnPlace.swift */,
				E1307F101FB1088D008D28C4 /* Unique.swift */,
			);
			path = Sources;
			sourceTree = "<group>";
		};
		E1E46A721FAD09AB0046D564 /* Tests */ = {
			isa = PBXGroup;
			children = (
				E1D5433F1FB49A1F003E2777 /* _SharedModels.swift */,
				E1D543311FB3AABD003E2777 /* ConfigurationTests.swift */,
				E1D543391FB3C36D003E2777 /* DescriptiveTests.swift */,
				E1D5433B1FB3E4FD003E2777 /* DoubleTests.swift */,
				E1E46A741FAD09AB0046D564 /* ConvertableIngredient.swift */,
				E1E46A7A1FAD09AB0046D564 /* EachMeasurementUnitTests.swift */,
				E1E46A791FAD09AB0046D564 /* EqualRatioIngredientTests.swift */,
				E1D5433D1FB49163003E2777 /* FormulaElementTests.swift */,
				E1E46A771FAD09AB0046D564 /* HighMassRatioIngredientTests.swift */,
				E1E46A731FAD09AB0046D564 /* HighVolumeRatioIngredientTests.swift */,
				E1E46A751FAD09AB0046D564 /* LooseConversionTests.swift */,
				E1D543331FB3B102003E2777 /* MeasurementTests.swift */,
				E1E46A761FAD09AB0046D564 /* MeasurementUnitTests.swift */,
				E1E46A7B1FAD09AB0046D564 /* RatioTests.swift */,
				E1D543351FB3C26F003E2777 /* Convertable.swift */,
				E1D543371FB3C330003E2777 /* ScaleParameters.swift */,
			);
			path = Tests;
			sourceTree = "<group>";
		};
/* End PBXGroup section */

/* Begin PBXHeadersBuildPhase section */
		E1E02C761B6F200A00FEDC95 /* Headers */ = {
			isa = PBXHeadersBuildPhase;
			buildActionMask = 2147483647;
			files = (
			);
			runOnlyForDeploymentPostprocessing = 0;
		};
/* End PBXHeadersBuildPhase section */

/* Begin PBXNativeTarget section */
		E1D5431A1FB3A773003E2777 /* MiseEnPlaceTests */ = {
			isa = PBXNativeTarget;
			buildConfigurationList = E1D543231FB3A773003E2777 /* Build configuration list for PBXNativeTarget "MiseEnPlaceTests" */;
			buildPhases = (
				E1D543171FB3A773003E2777 /* Sources */,
				E1D543181FB3A773003E2777 /* Frameworks */,
				E1D543191FB3A773003E2777 /* Resources */,
			);
			buildRules = (
			);
			dependencies = (
				E1D543221FB3A773003E2777 /* PBXTargetDependency */,
			);
			name = MiseEnPlaceTests;
			productName = MiseEnPlaceTests;
			productReference = E1D5431B1FB3A773003E2777 /* MiseEnPlaceTests.xctest */;
			productType = "com.apple.product-type.bundle.unit-test";
		};
		E1E02C781B6F200A00FEDC95 /* MiseEnPlace */ = {
			isa = PBXNativeTarget;
			buildConfigurationList = E1E02C8F1B6F200A00FEDC95 /* Build configuration list for PBXNativeTarget "MiseEnPlace" */;
			buildPhases = (
				E1E02C741B6F200A00FEDC95 /* Sources */,
				E1E02C751B6F200A00FEDC95 /* Frameworks */,
				E1E02C761B6F200A00FEDC95 /* Headers */,
				E1E02C771B6F200A00FEDC95 /* Resources */,
			);
			buildRules = (
			);
			dependencies = (
			);
			name = MiseEnPlace;
			productName = miseenplace;
			productReference = E1E02C791B6F200A00FEDC95 /* MiseEnPlace.framework */;
			productType = "com.apple.product-type.framework";
		};
/* End PBXNativeTarget section */

/* Begin PBXProject section */
		E1E02C701B6F200A00FEDC95 /* Project object */ = {
			isa = PBXProject;
			attributes = {
				LastSwiftMigration = 0710;
				LastSwiftUpdateCheck = 0910;
				LastUpgradeCheck = 0900;
				ORGANIZATIONNAME = "Richard Piazza";
				TargetAttributes = {
					E1D5431A1FB3A773003E2777 = {
						CreatedOnToolsVersion = 9.1;
						ProvisioningStyle = Automatic;
					};
					E1E02C781B6F200A00FEDC95 = {
						CreatedOnToolsVersion = 6.4;
						LastSwiftMigration = 0900;
						ProvisioningStyle = Manual;
					};
				};
			};
			buildConfigurationList = E1E02C731B6F200A00FEDC95 /* Build configuration list for PBXProject "MiseEnPlace" */;
			compatibilityVersion = "Xcode 3.2";
			developmentRegion = English;
			hasScannedForEncodings = 0;
			knownRegions = (
				en,
			);
			mainGroup = E1E02C6F1B6F200A00FEDC95;
			productRefGroup = E1E02C7A1B6F200A00FEDC95 /* Products */;
			projectDirPath = "";
			projectRoot = "";
			targets = (
				E1E02C781B6F200A00FEDC95 /* MiseEnPlace */,
				E1D5431A1FB3A773003E2777 /* MiseEnPlaceTests */,
			);
		};
/* End PBXProject section */

/* Begin PBXResourcesBuildPhase section */
		E1D543191FB3A773003E2777 /* Resources */ = {
			isa = PBXResourcesBuildPhase;
			buildActionMask = 2147483647;
			files = (
			);
			runOnlyForDeploymentPostprocessing = 0;
		};
		E1E02C771B6F200A00FEDC95 /* Resources */ = {
			isa = PBXResourcesBuildPhase;
			buildActionMask = 2147483647;
			files = (
			);
			runOnlyForDeploymentPostprocessing = 0;
		};
/* End PBXResourcesBuildPhase section */

/* Begin PBXSourcesBuildPhase section */
		E1D543171FB3A773003E2777 /* Sources */ = {
			isa = PBXSourcesBuildPhase;
			buildActionMask = 2147483647;
			files = (
				E1D5432E1FB3A79B003E2777 /* MeasurementUnitTests.swift in Sources */,
				E1D5432D1FB3A79B003E2777 /* LooseConversionTests.swift in Sources */,
				E1D543321FB3AABD003E2777 /* ConfigurationTests.swift in Sources */,
				E1D5433C1FB3E4FD003E2777 /* DoubleTests.swift in Sources */,
				E1D5433A1FB3C36D003E2777 /* DescriptiveTests.swift in Sources */,
				E1D543281FB3A79B003E2777 /* EachMeasurementUnitTests.swift in Sources */,
				E1D5432A1FB3A79B003E2777 /* HighMassRatioIngredientTests.swift in Sources */,
				E1D5432B1FB3A79B003E2777 /* HighVolumeRatioIngredientTests.swift in Sources */,
				E1D543401FB49A1F003E2777 /* _SharedModels.swift in Sources */,
				E1D543291FB3A79B003E2777 /* EqualRatioIngredientTests.swift in Sources */,
				E1D5432F1FB3A79B003E2777 /* RatioTests.swift in Sources */,
				E1D543341FB3B102003E2777 /* MeasurementTests.swift in Sources */,
				E1D5433E1FB49163003E2777 /* FormulaElementTests.swift in Sources */,
				E1D543271FB3A79B003E2777 /* ConvertableIngredient.swift in Sources */,
			);
			runOnlyForDeploymentPostprocessing = 0;
		};
		E1E02C741B6F200A00FEDC95 /* Sources */ = {
			isa = PBXSourcesBuildPhase;
			buildActionMask = 2147483647;
			files = (
				E1E46A691FAD09A20046D564 /* MeasurementSystemMethod.swift in Sources */,
				E1307F091FB100C3008D28C4 /* Configuration.swift in Sources */,
				E1307F191FB10B79008D28C4 /* Ingredient.swift in Sources */,
				E1307F171FB10B34008D28C4 /* Proportioned.swift in Sources */,
				E1E46A671FAD09A20046D564 /* Ratio.swift in Sources */,
				E1D543361FB3C26F003E2777 /* Convertable.swift in Sources */,
				E1E46A6A1FAD09A20046D564 /* Fraction.swift in Sources */,
				E1307F151FB10B10008D28C4 /* Multimedia.swift in Sources */,
				E1E46A6E1FAD09A20046D564 /* Measurement.swift in Sources */,
				E1307F1F1FB10BBB008D28C4 /* ProcedureElement.swift in Sources */,
				E1E46A661FAD09A20046D564 /* MeasurementSystem.swift in Sources */,
				E1E46A681FAD09A20046D564 /* Double+MiseEnPlace.swift in Sources */,
				E1307F111FB1088D008D28C4 /* Unique.swift in Sources */,
				E1307F0D1FB10468008D28C4 /* Error.swift in Sources */,
				E1E46A6B1FAD09A20046D564 /* MeasurementInputView.swift in Sources */,
				E1307F1B1FB10B95008D28C4 /* Recipe.swift in Sources */,
				E1307F0F1FB1050D008D28C4 /* Measured.swift in Sources */,
				E1307F1D1FB10BAA008D28C4 /* FormulaElement.swift in Sources */,
				E1E46A651FAD09A20046D564 /* MeasurementMethod.swift in Sources */,
				E1307F131FB10ACE008D28C4 /* Sequenced.swift in Sources */,
				E1D543381FB3C330003E2777 /* ScaleParameters.swift in Sources */,
				E1E46A711FAD09A20046D564 /* String+MiseEnPlace.swift in Sources */,
				E1E46A6F1FAD09A20046D564 /* MeasurementUnit.swift in Sources */,
				E1307F0B1FB1020F008D28C4 /* Descriptive.swift in Sources */,
				E1E46A6C1FAD09A20046D564 /* Intergral.swift in Sources */,
			);
			runOnlyForDeploymentPostprocessing = 0;
		};
/* End PBXSourcesBuildPhase section */

/* Begin PBXTargetDependency section */
		E1D543221FB3A773003E2777 /* PBXTargetDependency */ = {
			isa = PBXTargetDependency;
			target = E1E02C781B6F200A00FEDC95 /* MiseEnPlace */;
			targetProxy = E1D543211FB3A773003E2777 /* PBXContainerItemProxy */;
		};
/* End PBXTargetDependency section */

/* Begin XCBuildConfiguration section */
		E1D543241FB3A773003E2777 /* Debug */ = {
			isa = XCBuildConfiguration;
			buildSettings = {
				CLANG_ANALYZER_NONNULL = YES;
				CLANG_ANALYZER_NUMBER_OBJECT_CONVERSION = YES_AGGRESSIVE;
				CLANG_CXX_LANGUAGE_STANDARD = "gnu++14";
				CLANG_WARN_DOCUMENTATION_COMMENTS = YES;
				CLANG_WARN_UNGUARDED_AVAILABILITY = YES_AGGRESSIVE;
				CODE_SIGN_IDENTITY = "-";
				CODE_SIGN_STYLE = Automatic;
				COMBINE_HIDPI_IMAGES = YES;
				DEBUG_INFORMATION_FORMAT = dwarf;
				GCC_C_LANGUAGE_STANDARD = gnu11;
				INFOPLIST_FILE = MiseEnPlaceTests/Info.plist;
				LD_RUNPATH_SEARCH_PATHS = "$(inherited) @executable_path/../Frameworks @loader_path/../Frameworks";
				PRODUCT_BUNDLE_IDENTIFIER = com.richardpiazza.MiseEnPlaceTests;
				PRODUCT_NAME = "$(TARGET_NAME)";
				SWIFT_ACTIVE_COMPILATION_CONDITIONS = DEBUG;
				SWIFT_VERSION = 4.0;
			};
			name = Debug;
		};
		E1D543251FB3A773003E2777 /* Release */ = {
			isa = XCBuildConfiguration;
			buildSettings = {
				CLANG_ANALYZER_NONNULL = YES;
				CLANG_ANALYZER_NUMBER_OBJECT_CONVERSION = YES_AGGRESSIVE;
				CLANG_CXX_LANGUAGE_STANDARD = "gnu++14";
				CLANG_WARN_DOCUMENTATION_COMMENTS = YES;
				CLANG_WARN_UNGUARDED_AVAILABILITY = YES_AGGRESSIVE;
				CODE_SIGN_IDENTITY = "-";
				CODE_SIGN_STYLE = Automatic;
				COMBINE_HIDPI_IMAGES = YES;
				GCC_C_LANGUAGE_STANDARD = gnu11;
				INFOPLIST_FILE = MiseEnPlaceTests/Info.plist;
				LD_RUNPATH_SEARCH_PATHS = "$(inherited) @executable_path/../Frameworks @loader_path/../Frameworks";
				PRODUCT_BUNDLE_IDENTIFIER = com.richardpiazza.MiseEnPlaceTests;
				PRODUCT_NAME = "$(TARGET_NAME)";
				SWIFT_VERSION = 4.0;
			};
			name = Release;
		};
		E1E02C8D1B6F200A00FEDC95 /* Debug */ = {
			isa = XCBuildConfiguration;
			buildSettings = {
				ALWAYS_EMBED_SWIFT_STANDARD_LIBRARIES = YES;
				ALWAYS_SEARCH_USER_PATHS = NO;
				CLANG_CXX_LANGUAGE_STANDARD = "gnu++0x";
				CLANG_CXX_LIBRARY = "libc++";
				CLANG_ENABLE_MODULES = YES;
				CLANG_ENABLE_OBJC_ARC = YES;
				CLANG_WARN_BLOCK_CAPTURE_AUTORELEASING = YES;
				CLANG_WARN_BOOL_CONVERSION = YES;
				CLANG_WARN_COMMA = YES;
				CLANG_WARN_CONSTANT_CONVERSION = YES;
				CLANG_WARN_DIRECT_OBJC_ISA_USAGE = YES_ERROR;
				CLANG_WARN_EMPTY_BODY = YES;
				CLANG_WARN_ENUM_CONVERSION = YES;
				CLANG_WARN_INFINITE_RECURSION = YES;
				CLANG_WARN_INT_CONVERSION = YES;
				CLANG_WARN_NON_LITERAL_NULL_CONVERSION = YES;
				CLANG_WARN_OBJC_LITERAL_CONVERSION = YES;
				CLANG_WARN_OBJC_ROOT_CLASS = YES_ERROR;
				CLANG_WARN_RANGE_LOOP_ANALYSIS = YES;
				CLANG_WARN_STRICT_PROTOTYPES = YES;
				CLANG_WARN_SUSPICIOUS_MOVE = YES;
				CLANG_WARN_UNREACHABLE_CODE = YES;
				CLANG_WARN__DUPLICATE_METHOD_MATCH = YES;
				"CODE_SIGN_IDENTITY[sdk=iphoneos*]" = "";
				COPY_PHASE_STRIP = NO;
				CURRENT_PROJECT_VERSION = 1;
				DEBUG_INFORMATION_FORMAT = "dwarf-with-dsym";
				ENABLE_STRICT_OBJC_MSGSEND = YES;
				ENABLE_TESTABILITY = YES;
				GCC_C_LANGUAGE_STANDARD = gnu99;
				GCC_DYNAMIC_NO_PIC = NO;
				GCC_NO_COMMON_BLOCKS = YES;
				GCC_OPTIMIZATION_LEVEL = 0;
				GCC_PREPROCESSOR_DEFINITIONS = (
					"DEBUG=1",
					"$(inherited)",
				);
				GCC_SYMBOLS_PRIVATE_EXTERN = NO;
				GCC_WARN_64_TO_32_BIT_CONVERSION = YES;
				GCC_WARN_ABOUT_RETURN_TYPE = YES_ERROR;
				GCC_WARN_UNDECLARED_SELECTOR = YES;
				GCC_WARN_UNINITIALIZED_AUTOS = YES_AGGRESSIVE;
				GCC_WARN_UNUSED_FUNCTION = YES;
				GCC_WARN_UNUSED_VARIABLE = YES;
				IPHONEOS_DEPLOYMENT_TARGET = 11.0;
				MACOSX_DEPLOYMENT_TARGET = 10.13;
				MTL_ENABLE_DEBUG_INFO = YES;
				ONLY_ACTIVE_ARCH = YES;
				SDKROOT = macosx;
				SUPPORTED_PLATFORMS = "macosx iphonesimulator iphoneos watchsimulator watchos appletvsimulator appletvos";
				SWIFT_OPTIMIZATION_LEVEL = "-Onone";
				SWIFT_VERSION = 4.0;
				TARGETED_DEVICE_FAMILY = "1,2,3,4";
				TVOS_DEPLOYMENT_TARGET = 11.0;
				VERSIONING_SYSTEM = "apple-generic";
				VERSION_INFO_PREFIX = "";
				WATCHOS_DEPLOYMENT_TARGET = 4.0;
			};
			name = Debug;
		};
		E1E02C8E1B6F200A00FEDC95 /* Release */ = {
			isa = XCBuildConfiguration;
			buildSettings = {
				ALWAYS_EMBED_SWIFT_STANDARD_LIBRARIES = YES;
				ALWAYS_SEARCH_USER_PATHS = NO;
				CLANG_CXX_LANGUAGE_STANDARD = "gnu++0x";
				CLANG_CXX_LIBRARY = "libc++";
				CLANG_ENABLE_MODULES = YES;
				CLANG_ENABLE_OBJC_ARC = YES;
				CLANG_WARN_BLOCK_CAPTURE_AUTORELEASING = YES;
				CLANG_WARN_BOOL_CONVERSION = YES;
				CLANG_WARN_COMMA = YES;
				CLANG_WARN_CONSTANT_CONVERSION = YES;
				CLANG_WARN_DIRECT_OBJC_ISA_USAGE = YES_ERROR;
				CLANG_WARN_EMPTY_BODY = YES;
				CLANG_WARN_ENUM_CONVERSION = YES;
				CLANG_WARN_INFINITE_RECURSION = YES;
				CLANG_WARN_INT_CONVERSION = YES;
				CLANG_WARN_NON_LITERAL_NULL_CONVERSION = YES;
				CLANG_WARN_OBJC_LITERAL_CONVERSION = YES;
				CLANG_WARN_OBJC_ROOT_CLASS = YES_ERROR;
				CLANG_WARN_RANGE_LOOP_ANALYSIS = YES;
				CLANG_WARN_STRICT_PROTOTYPES = YES;
				CLANG_WARN_SUSPICIOUS_MOVE = YES;
				CLANG_WARN_UNREACHABLE_CODE = YES;
				CLANG_WARN__DUPLICATE_METHOD_MATCH = YES;
				"CODE_SIGN_IDENTITY[sdk=iphoneos*]" = "";
				COPY_PHASE_STRIP = NO;
				CURRENT_PROJECT_VERSION = 1;
				DEBUG_INFORMATION_FORMAT = "dwarf-with-dsym";
				ENABLE_NS_ASSERTIONS = NO;
				ENABLE_STRICT_OBJC_MSGSEND = YES;
				GCC_C_LANGUAGE_STANDARD = gnu99;
				GCC_NO_COMMON_BLOCKS = YES;
				GCC_WARN_64_TO_32_BIT_CONVERSION = YES;
				GCC_WARN_ABOUT_RETURN_TYPE = YES_ERROR;
				GCC_WARN_UNDECLARED_SELECTOR = YES;
				GCC_WARN_UNINITIALIZED_AUTOS = YES_AGGRESSIVE;
				GCC_WARN_UNUSED_FUNCTION = YES;
				GCC_WARN_UNUSED_VARIABLE = YES;
				IPHONEOS_DEPLOYMENT_TARGET = 11.0;
				MACOSX_DEPLOYMENT_TARGET = 10.13;
				MTL_ENABLE_DEBUG_INFO = NO;
				SDKROOT = macosx;
				SUPPORTED_PLATFORMS = "macosx iphonesimulator iphoneos watchsimulator watchos appletvsimulator appletvos";
				SWIFT_OPTIMIZATION_LEVEL = "-Owholemodule";
				SWIFT_VERSION = 4.0;
				TARGETED_DEVICE_FAMILY = "1,2,3,4";
				TVOS_DEPLOYMENT_TARGET = 11.0;
				VALIDATE_PRODUCT = YES;
				VERSIONING_SYSTEM = "apple-generic";
				VERSION_INFO_PREFIX = "";
				WATCHOS_DEPLOYMENT_TARGET = 4.0;
			};
			name = Release;
		};
		E1E02C901B6F200A00FEDC95 /* Debug */ = {
			isa = XCBuildConfiguration;
			buildSettings = {
				CLANG_ENABLE_MODULES = YES;
				CODE_SIGN_STYLE = Manual;
				DEFINES_MODULE = YES;
				DEVELOPMENT_TEAM = "";
				DYLIB_COMPATIBILITY_VERSION = 1;
				DYLIB_CURRENT_VERSION = 1;
				DYLIB_INSTALL_NAME_BASE = "@rpath";
				INFOPLIST_FILE = MiseEnPlace/Info.plist;
				LD_RUNPATH_SEARCH_PATHS = "$(inherited) @executable_path/Frameworks @loader_path/Frameworks";
				PRODUCT_BUNDLE_IDENTIFIER = com.richardpiazza.MiseEnPlace;
				PRODUCT_NAME = MiseEnPlace;
				PROVISIONING_PROFILE_SPECIFIER = "";
				SKIP_INSTALL = YES;
				SWIFT_OPTIMIZATION_LEVEL = "-Onone";
				SWIFT_VERSION = 4.0;
			};
			name = Debug;
		};
		E1E02C911B6F200A00FEDC95 /* Release */ = {
			isa = XCBuildConfiguration;
			buildSettings = {
				CLANG_ENABLE_MODULES = YES;
				CODE_SIGN_STYLE = Manual;
				DEFINES_MODULE = YES;
				DEVELOPMENT_TEAM = "";
				DYLIB_COMPATIBILITY_VERSION = 1;
				DYLIB_CURRENT_VERSION = 1;
				DYLIB_INSTALL_NAME_BASE = "@rpath";
				INFOPLIST_FILE = MiseEnPlace/Info.plist;
				LD_RUNPATH_SEARCH_PATHS = "$(inherited) @executable_path/Frameworks @loader_path/Frameworks";
				PRODUCT_BUNDLE_IDENTIFIER = com.richardpiazza.MiseEnPlace;
				PRODUCT_NAME = MiseEnPlace;
				PROVISIONING_PROFILE_SPECIFIER = "";
				SKIP_INSTALL = YES;
				SWIFT_VERSION = 4.0;
			};
			name = Release;
		};
/* End XCBuildConfiguration section */

/* Begin XCConfigurationList section */
		E1D543231FB3A773003E2777 /* Build configuration list for PBXNativeTarget "MiseEnPlaceTests" */ = {
			isa = XCConfigurationList;
			buildConfigurations = (
				E1D543241FB3A773003E2777 /* Debug */,
				E1D543251FB3A773003E2777 /* Release */,
			);
			defaultConfigurationIsVisible = 0;
			defaultConfigurationName = Release;
		};
		E1E02C731B6F200A00FEDC95 /* Build configuration list for PBXProject "MiseEnPlace" */ = {
			isa = XCConfigurationList;
			buildConfigurations = (
				E1E02C8D1B6F200A00FEDC95 /* Debug */,
				E1E02C8E1B6F200A00FEDC95 /* Release */,
			);
			defaultConfigurationIsVisible = 0;
			defaultConfigurationName = Release;
		};
		E1E02C8F1B6F200A00FEDC95 /* Build configuration list for PBXNativeTarget "MiseEnPlace" */ = {
			isa = XCConfigurationList;
			buildConfigurations = (
				E1E02C901B6F200A00FEDC95 /* Debug */,
				E1E02C911B6F200A00FEDC95 /* Release */,
			);
			defaultConfigurationIsVisible = 0;
			defaultConfigurationName = Release;
		};
/* End XCConfigurationList section */
	};
	rootObject = E1E02C701B6F200A00FEDC95 /* Project object */;
}
