// !$*UTF8*$!
{
	archiveVersion = 1;
	classes = {
	};
	objectVersion = 46;
	objects = {

/* Begin PBXAggregateTarget section */
		"MiseEnPlace::MiseEnPlacePackageTests::ProductTarget" /* MiseEnPlacePackageTests */ = {
			isa = PBXAggregateTarget;
			buildConfigurationList = OBJ_81 /* Build configuration list for PBXAggregateTarget "MiseEnPlacePackageTests" */;
			buildPhases = (
			);
			dependencies = (
				OBJ_84 /* PBXTargetDependency */,
			);
			name = MiseEnPlacePackageTests;
			productName = MiseEnPlacePackageTests;
		};
/* End PBXAggregateTarget section */

/* Begin PBXBuildFile section */
		OBJ_101 /* MiseEnPlace.framework in Frameworks */ = {isa = PBXBuildFile; fileRef = "MiseEnPlace::MiseEnPlace::Product" /* MiseEnPlace.framework */; };
		OBJ_50 /* Configuration.swift in Sources */ = {isa = PBXBuildFile; fileRef = OBJ_8 /* Configuration.swift */; };
		OBJ_51 /* Descriptive.swift in Sources */ = {isa = PBXBuildFile; fileRef = OBJ_9 /* Descriptive.swift */; };
		OBJ_52 /* Double+MiseEnPlace.swift in Sources */ = {isa = PBXBuildFile; fileRef = OBJ_10 /* Double+MiseEnPlace.swift */; };
		OBJ_53 /* Error.swift in Sources */ = {isa = PBXBuildFile; fileRef = OBJ_11 /* Error.swift */; };
		OBJ_54 /* FormulaElement.swift in Sources */ = {isa = PBXBuildFile; fileRef = OBJ_12 /* FormulaElement.swift */; };
		OBJ_55 /* Fraction.swift in Sources */ = {isa = PBXBuildFile; fileRef = OBJ_13 /* Fraction.swift */; };
		OBJ_56 /* Ingredient.swift in Sources */ = {isa = PBXBuildFile; fileRef = OBJ_14 /* Ingredient.swift */; };
		OBJ_57 /* Intergral.swift in Sources */ = {isa = PBXBuildFile; fileRef = OBJ_15 /* Intergral.swift */; };
		OBJ_58 /* Measured.swift in Sources */ = {isa = PBXBuildFile; fileRef = OBJ_16 /* Measured.swift */; };
		OBJ_59 /* Measurement.swift in Sources */ = {isa = PBXBuildFile; fileRef = OBJ_17 /* Measurement.swift */; };
		OBJ_61 /* MeasurementMethod.swift in Sources */ = {isa = PBXBuildFile; fileRef = OBJ_19 /* MeasurementMethod.swift */; };
		OBJ_62 /* MeasurementSystem.swift in Sources */ = {isa = PBXBuildFile; fileRef = OBJ_20 /* MeasurementSystem.swift */; };
		OBJ_63 /* MeasurementSystemMethod.swift in Sources */ = {isa = PBXBuildFile; fileRef = OBJ_21 /* MeasurementSystemMethod.swift */; };
		OBJ_64 /* MeasurementUnit.swift in Sources */ = {isa = PBXBuildFile; fileRef = OBJ_22 /* MeasurementUnit.swift */; };
		OBJ_65 /* Multimedia.swift in Sources */ = {isa = PBXBuildFile; fileRef = OBJ_23 /* Multimedia.swift */; };
		OBJ_66 /* ProcedureElement.swift in Sources */ = {isa = PBXBuildFile; fileRef = OBJ_24 /* ProcedureElement.swift */; };
		OBJ_67 /* Proportioned.swift in Sources */ = {isa = PBXBuildFile; fileRef = OBJ_25 /* Proportioned.swift */; };
		OBJ_68 /* Ratio.swift in Sources */ = {isa = PBXBuildFile; fileRef = OBJ_26 /* Ratio.swift */; };
		OBJ_69 /* Recipe.swift in Sources */ = {isa = PBXBuildFile; fileRef = OBJ_27 /* Recipe.swift */; };
		OBJ_70 /* Sequenced.swift in Sources */ = {isa = PBXBuildFile; fileRef = OBJ_28 /* Sequenced.swift */; };
		OBJ_71 /* String+MiseEnPlace.swift in Sources */ = {isa = PBXBuildFile; fileRef = OBJ_29 /* String+MiseEnPlace.swift */; };
		OBJ_72 /* Unique.swift in Sources */ = {isa = PBXBuildFile; fileRef = OBJ_30 /* Unique.swift */; };
		OBJ_79 /* Package.swift in Sources */ = {isa = PBXBuildFile; fileRef = OBJ_6 /* Package.swift */; };
		OBJ_90 /* ConfigurationTests.swift in Sources */ = {isa = PBXBuildFile; fileRef = OBJ_32 /* ConfigurationTests.swift */; };
		OBJ_91 /* DescriptiveTests.swift in Sources */ = {isa = PBXBuildFile; fileRef = OBJ_33 /* DescriptiveTests.swift */; };
		OBJ_92 /* DoubleTests.swift in Sources */ = {isa = PBXBuildFile; fileRef = OBJ_34 /* DoubleTests.swift */; };
		OBJ_93 /* ErrorTests.swift in Sources */ = {isa = PBXBuildFile; fileRef = OBJ_35 /* ErrorTests.swift */; };
		OBJ_94 /* FormulaElementTests.swift in Sources */ = {isa = PBXBuildFile; fileRef = OBJ_36 /* FormulaElementTests.swift */; };
		OBJ_95 /* FractionTests.swift in Sources */ = {isa = PBXBuildFile; fileRef = OBJ_37 /* FractionTests.swift */; };
		OBJ_96 /* MeasurementTests.swift in Sources */ = {isa = PBXBuildFile; fileRef = OBJ_38 /* MeasurementTests.swift */; };
		OBJ_97 /* MeasurementUnitTests.swift in Sources */ = {isa = PBXBuildFile; fileRef = OBJ_39 /* MeasurementUnitTests.swift */; };
		OBJ_98 /* RatioTests.swift in Sources */ = {isa = PBXBuildFile; fileRef = OBJ_40 /* RatioTests.swift */; };
		OBJ_99 /* _SharedModels.swift in Sources */ = {isa = PBXBuildFile; fileRef = OBJ_41 /* _SharedModels.swift */; };
/* End PBXBuildFile section */

/* Begin PBXContainerItemProxy section */
		7331D20921DAC2D40057963C /* PBXContainerItemProxy */ = {
			isa = PBXContainerItemProxy;
			containerPortal = OBJ_1 /* Project object */;
			proxyType = 1;
			remoteGlobalIDString = "MiseEnPlace::MiseEnPlace";
			remoteInfo = MiseEnPlace;
		};
		7331D20A21DAC2D50057963C /* PBXContainerItemProxy */ = {
			isa = PBXContainerItemProxy;
			containerPortal = OBJ_1 /* Project object */;
			proxyType = 1;
			remoteGlobalIDString = "MiseEnPlace::MiseEnPlaceTests";
			remoteInfo = MiseEnPlaceTests;
		};
/* End PBXContainerItemProxy section */

/* Begin PBXFileReference section */
		"MiseEnPlace::MiseEnPlace::Product" /* MiseEnPlace.framework */ = {isa = PBXFileReference; lastKnownFileType = wrapper.framework; path = MiseEnPlace.framework; sourceTree = BUILT_PRODUCTS_DIR; };
		"MiseEnPlace::MiseEnPlaceTests::Product" /* MiseEnPlaceTests.xctest */ = {isa = PBXFileReference; lastKnownFileType = file; path = MiseEnPlaceTests.xctest; sourceTree = BUILT_PRODUCTS_DIR; };
		OBJ_10 /* Double+MiseEnPlace.swift */ = {isa = PBXFileReference; lastKnownFileType = sourcecode.swift; path = "Double+MiseEnPlace.swift"; sourceTree = "<group>"; };
		OBJ_11 /* Error.swift */ = {isa = PBXFileReference; lastKnownFileType = sourcecode.swift; path = Error.swift; sourceTree = "<group>"; };
		OBJ_12 /* FormulaElement.swift */ = {isa = PBXFileReference; lastKnownFileType = sourcecode.swift; path = FormulaElement.swift; sourceTree = "<group>"; };
		OBJ_13 /* Fraction.swift */ = {isa = PBXFileReference; lastKnownFileType = sourcecode.swift; path = Fraction.swift; sourceTree = "<group>"; };
		OBJ_14 /* Ingredient.swift */ = {isa = PBXFileReference; lastKnownFileType = sourcecode.swift; path = Ingredient.swift; sourceTree = "<group>"; };
		OBJ_15 /* Intergral.swift */ = {isa = PBXFileReference; lastKnownFileType = sourcecode.swift; path = Intergral.swift; sourceTree = "<group>"; };
		OBJ_16 /* Measured.swift */ = {isa = PBXFileReference; lastKnownFileType = sourcecode.swift; path = Measured.swift; sourceTree = "<group>"; };
		OBJ_17 /* Measurement.swift */ = {isa = PBXFileReference; lastKnownFileType = sourcecode.swift; path = Measurement.swift; sourceTree = "<group>"; };
		OBJ_19 /* MeasurementMethod.swift */ = {isa = PBXFileReference; lastKnownFileType = sourcecode.swift; path = MeasurementMethod.swift; sourceTree = "<group>"; };
		OBJ_20 /* MeasurementSystem.swift */ = {isa = PBXFileReference; lastKnownFileType = sourcecode.swift; path = MeasurementSystem.swift; sourceTree = "<group>"; };
		OBJ_21 /* MeasurementSystemMethod.swift */ = {isa = PBXFileReference; lastKnownFileType = sourcecode.swift; path = MeasurementSystemMethod.swift; sourceTree = "<group>"; };
		OBJ_22 /* MeasurementUnit.swift */ = {isa = PBXFileReference; lastKnownFileType = sourcecode.swift; path = MeasurementUnit.swift; sourceTree = "<group>"; };
		OBJ_23 /* Multimedia.swift */ = {isa = PBXFileReference; lastKnownFileType = sourcecode.swift; path = Multimedia.swift; sourceTree = "<group>"; };
		OBJ_24 /* ProcedureElement.swift */ = {isa = PBXFileReference; lastKnownFileType = sourcecode.swift; path = ProcedureElement.swift; sourceTree = "<group>"; };
		OBJ_25 /* Proportioned.swift */ = {isa = PBXFileReference; lastKnownFileType = sourcecode.swift; path = Proportioned.swift; sourceTree = "<group>"; };
		OBJ_26 /* Ratio.swift */ = {isa = PBXFileReference; lastKnownFileType = sourcecode.swift; path = Ratio.swift; sourceTree = "<group>"; };
		OBJ_27 /* Recipe.swift */ = {isa = PBXFileReference; lastKnownFileType = sourcecode.swift; path = Recipe.swift; sourceTree = "<group>"; };
		OBJ_28 /* Sequenced.swift */ = {isa = PBXFileReference; lastKnownFileType = sourcecode.swift; path = Sequenced.swift; sourceTree = "<group>"; };
		OBJ_29 /* String+MiseEnPlace.swift */ = {isa = PBXFileReference; lastKnownFileType = sourcecode.swift; path = "String+MiseEnPlace.swift"; sourceTree = "<group>"; };
		OBJ_30 /* Unique.swift */ = {isa = PBXFileReference; lastKnownFileType = sourcecode.swift; path = Unique.swift; sourceTree = "<group>"; };
		OBJ_32 /* ConfigurationTests.swift */ = {isa = PBXFileReference; lastKnownFileType = sourcecode.swift; path = ConfigurationTests.swift; sourceTree = "<group>"; };
		OBJ_33 /* DescriptiveTests.swift */ = {isa = PBXFileReference; lastKnownFileType = sourcecode.swift; path = DescriptiveTests.swift; sourceTree = "<group>"; };
		OBJ_34 /* DoubleTests.swift */ = {isa = PBXFileReference; lastKnownFileType = sourcecode.swift; path = DoubleTests.swift; sourceTree = "<group>"; };
		OBJ_35 /* ErrorTests.swift */ = {isa = PBXFileReference; lastKnownFileType = sourcecode.swift; path = ErrorTests.swift; sourceTree = "<group>"; };
		OBJ_36 /* FormulaElementTests.swift */ = {isa = PBXFileReference; lastKnownFileType = sourcecode.swift; path = FormulaElementTests.swift; sourceTree = "<group>"; };
		OBJ_37 /* FractionTests.swift */ = {isa = PBXFileReference; lastKnownFileType = sourcecode.swift; path = FractionTests.swift; sourceTree = "<group>"; };
		OBJ_38 /* MeasurementTests.swift */ = {isa = PBXFileReference; lastKnownFileType = sourcecode.swift; path = MeasurementTests.swift; sourceTree = "<group>"; };
		OBJ_39 /* MeasurementUnitTests.swift */ = {isa = PBXFileReference; lastKnownFileType = sourcecode.swift; path = MeasurementUnitTests.swift; sourceTree = "<group>"; };
		OBJ_40 /* RatioTests.swift */ = {isa = PBXFileReference; lastKnownFileType = sourcecode.swift; path = RatioTests.swift; sourceTree = "<group>"; };
		OBJ_41 /* _SharedModels.swift */ = {isa = PBXFileReference; lastKnownFileType = sourcecode.swift; path = _SharedModels.swift; sourceTree = "<group>"; };
		OBJ_6 /* Package.swift */ = {isa = PBXFileReference; explicitFileType = sourcecode.swift; path = Package.swift; sourceTree = "<group>"; };
		OBJ_8 /* Configuration.swift */ = {isa = PBXFileReference; lastKnownFileType = sourcecode.swift; path = Configuration.swift; sourceTree = "<group>"; };
		OBJ_9 /* Descriptive.swift */ = {isa = PBXFileReference; lastKnownFileType = sourcecode.swift; path = Descriptive.swift; sourceTree = "<group>"; };
/* End PBXFileReference section */

/* Begin PBXFrameworksBuildPhase section */
		OBJ_100 /* Frameworks */ = {
			isa = PBXFrameworksBuildPhase;
			buildActionMask = 0;
			files = (
				OBJ_101 /* MiseEnPlace.framework in Frameworks */,
			);
			runOnlyForDeploymentPostprocessing = 0;
		};
		OBJ_73 /* Frameworks */ = {
			isa = PBXFrameworksBuildPhase;
			buildActionMask = 0;
			files = (
			);
			runOnlyForDeploymentPostprocessing = 0;
		};
/* End PBXFrameworksBuildPhase section */

/* Begin PBXGroup section */
		OBJ_31 /* Tests */ = {
			isa = PBXGroup;
			children = (
				OBJ_32 /* ConfigurationTests.swift */,
				OBJ_33 /* DescriptiveTests.swift */,
				OBJ_34 /* DoubleTests.swift */,
				OBJ_35 /* ErrorTests.swift */,
				OBJ_36 /* FormulaElementTests.swift */,
				OBJ_37 /* FractionTests.swift */,
				OBJ_38 /* MeasurementTests.swift */,
				OBJ_39 /* MeasurementUnitTests.swift */,
				OBJ_40 /* RatioTests.swift */,
				OBJ_41 /* _SharedModels.swift */,
			);
			path = Tests;
			sourceTree = SOURCE_ROOT;
		};
		OBJ_42 /* Products */ = {
			isa = PBXGroup;
			children = (
				"MiseEnPlace::MiseEnPlaceTests::Product" /* MiseEnPlaceTests.xctest */,
				"MiseEnPlace::MiseEnPlace::Product" /* MiseEnPlace.framework */,
			);
			name = Products;
			sourceTree = BUILT_PRODUCTS_DIR;
		};
		OBJ_5 /*  */ = {
			isa = PBXGroup;
			children = (
				OBJ_6 /* Package.swift */,
				OBJ_7 /* Sources */,
				OBJ_31 /* Tests */,
				OBJ_42 /* Products */,
			);
			name = "";
			sourceTree = "<group>";
		};
		OBJ_7 /* Sources */ = {
			isa = PBXGroup;
			children = (
				OBJ_8 /* Configuration.swift */,
				OBJ_9 /* Descriptive.swift */,
				OBJ_10 /* Double+MiseEnPlace.swift */,
				OBJ_11 /* Error.swift */,
				OBJ_12 /* FormulaElement.swift */,
				OBJ_13 /* Fraction.swift */,
				OBJ_14 /* Ingredient.swift */,
				OBJ_15 /* Intergral.swift */,
				OBJ_16 /* Measured.swift */,
				OBJ_17 /* Measurement.swift */,
				OBJ_19 /* MeasurementMethod.swift */,
				OBJ_20 /* MeasurementSystem.swift */,
				OBJ_21 /* MeasurementSystemMethod.swift */,
				OBJ_22 /* MeasurementUnit.swift */,
				OBJ_23 /* Multimedia.swift */,
				OBJ_24 /* ProcedureElement.swift */,
				OBJ_25 /* Proportioned.swift */,
				OBJ_26 /* Ratio.swift */,
				OBJ_27 /* Recipe.swift */,
				OBJ_28 /* Sequenced.swift */,
				OBJ_29 /* String+MiseEnPlace.swift */,
				OBJ_30 /* Unique.swift */,
			);
			path = Sources;
			sourceTree = SOURCE_ROOT;
		};
/* End PBXGroup section */

/* Begin PBXNativeTarget section */
		"MiseEnPlace::MiseEnPlace" /* MiseEnPlace */ = {
			isa = PBXNativeTarget;
			buildConfigurationList = OBJ_46 /* Build configuration list for PBXNativeTarget "MiseEnPlace" */;
			buildPhases = (
				OBJ_49 /* Sources */,
				OBJ_73 /* Frameworks */,
			);
			buildRules = (
			);
			dependencies = (
			);
			name = MiseEnPlace;
			productName = MiseEnPlace;
			productReference = "MiseEnPlace::MiseEnPlace::Product" /* MiseEnPlace.framework */;
			productType = "com.apple.product-type.framework";
		};
		"MiseEnPlace::MiseEnPlaceTests" /* MiseEnPlaceTests */ = {
			isa = PBXNativeTarget;
			buildConfigurationList = OBJ_86 /* Build configuration list for PBXNativeTarget "MiseEnPlaceTests" */;
			buildPhases = (
				OBJ_89 /* Sources */,
				OBJ_100 /* Frameworks */,
			);
			buildRules = (
			);
			dependencies = (
				OBJ_102 /* PBXTargetDependency */,
			);
			name = MiseEnPlaceTests;
			productName = MiseEnPlaceTests;
			productReference = "MiseEnPlace::MiseEnPlaceTests::Product" /* MiseEnPlaceTests.xctest */;
			productType = "com.apple.product-type.bundle.unit-test";
		};
		"MiseEnPlace::SwiftPMPackageDescription" /* MiseEnPlacePackageDescription */ = {
			isa = PBXNativeTarget;
			buildConfigurationList = OBJ_75 /* Build configuration list for PBXNativeTarget "MiseEnPlacePackageDescription" */;
			buildPhases = (
				OBJ_78 /* Sources */,
			);
			buildRules = (
			);
			dependencies = (
			);
			name = MiseEnPlacePackageDescription;
			productName = MiseEnPlacePackageDescription;
			productType = "com.apple.product-type.framework";
		};
/* End PBXNativeTarget section */

/* Begin PBXProject section */
		OBJ_1 /* Project object */ = {
			isa = PBXProject;
			attributes = {
				LastUpgradeCheck = 9999;
			};
			buildConfigurationList = OBJ_2 /* Build configuration list for PBXProject "MiseEnPlace" */;
			compatibilityVersion = "Xcode 3.2";
			developmentRegion = English;
			hasScannedForEncodings = 0;
			knownRegions = (
				en,
			);
			mainGroup = OBJ_5 /*  */;
			productRefGroup = OBJ_42 /* Products */;
			projectDirPath = "";
			projectRoot = "";
			targets = (
				"MiseEnPlace::MiseEnPlace" /* MiseEnPlace */,
				"MiseEnPlace::SwiftPMPackageDescription" /* MiseEnPlacePackageDescription */,
				"MiseEnPlace::MiseEnPlacePackageTests::ProductTarget" /* MiseEnPlacePackageTests */,
				"MiseEnPlace::MiseEnPlaceTests" /* MiseEnPlaceTests */,
			);
		};
/* End PBXProject section */

/* Begin PBXSourcesBuildPhase section */
		OBJ_49 /* Sources */ = {
			isa = PBXSourcesBuildPhase;
			buildActionMask = 0;
			files = (
				OBJ_50 /* Configuration.swift in Sources */,
				OBJ_51 /* Descriptive.swift in Sources */,
				OBJ_52 /* Double+MiseEnPlace.swift in Sources */,
				OBJ_53 /* Error.swift in Sources */,
				OBJ_54 /* FormulaElement.swift in Sources */,
				OBJ_55 /* Fraction.swift in Sources */,
				OBJ_56 /* Ingredient.swift in Sources */,
				OBJ_57 /* Intergral.swift in Sources */,
				OBJ_58 /* Measured.swift in Sources */,
				OBJ_59 /* Measurement.swift in Sources */,
				OBJ_61 /* MeasurementMethod.swift in Sources */,
				OBJ_62 /* MeasurementSystem.swift in Sources */,
				OBJ_63 /* MeasurementSystemMethod.swift in Sources */,
				OBJ_64 /* MeasurementUnit.swift in Sources */,
				OBJ_65 /* Multimedia.swift in Sources */,
				OBJ_66 /* ProcedureElement.swift in Sources */,
				OBJ_67 /* Proportioned.swift in Sources */,
				OBJ_68 /* Ratio.swift in Sources */,
				OBJ_69 /* Recipe.swift in Sources */,
				OBJ_70 /* Sequenced.swift in Sources */,
				OBJ_71 /* String+MiseEnPlace.swift in Sources */,
				OBJ_72 /* Unique.swift in Sources */,
			);
			runOnlyForDeploymentPostprocessing = 0;
		};
		OBJ_78 /* Sources */ = {
			isa = PBXSourcesBuildPhase;
			buildActionMask = 0;
			files = (
				OBJ_79 /* Package.swift in Sources */,
			);
			runOnlyForDeploymentPostprocessing = 0;
		};
		OBJ_89 /* Sources */ = {
			isa = PBXSourcesBuildPhase;
			buildActionMask = 0;
			files = (
				OBJ_90 /* ConfigurationTests.swift in Sources */,
				OBJ_91 /* DescriptiveTests.swift in Sources */,
				OBJ_92 /* DoubleTests.swift in Sources */,
				OBJ_93 /* ErrorTests.swift in Sources */,
				OBJ_94 /* FormulaElementTests.swift in Sources */,
				OBJ_95 /* FractionTests.swift in Sources */,
				OBJ_96 /* MeasurementTests.swift in Sources */,
				OBJ_97 /* MeasurementUnitTests.swift in Sources */,
				OBJ_98 /* RatioTests.swift in Sources */,
				OBJ_99 /* _SharedModels.swift in Sources */,
			);
			runOnlyForDeploymentPostprocessing = 0;
		};
/* End PBXSourcesBuildPhase section */

/* Begin PBXTargetDependency section */
		OBJ_102 /* PBXTargetDependency */ = {
			isa = PBXTargetDependency;
			target = "MiseEnPlace::MiseEnPlace" /* MiseEnPlace */;
			targetProxy = 7331D20921DAC2D40057963C /* PBXContainerItemProxy */;
		};
		OBJ_84 /* PBXTargetDependency */ = {
			isa = PBXTargetDependency;
			target = "MiseEnPlace::MiseEnPlaceTests" /* MiseEnPlaceTests */;
			targetProxy = 7331D20A21DAC2D50057963C /* PBXContainerItemProxy */;
		};
/* End PBXTargetDependency section */

/* Begin XCBuildConfiguration section */
		OBJ_3 /* Debug */ = {
			isa = XCBuildConfiguration;
			buildSettings = {
				CLANG_ENABLE_OBJC_ARC = YES;
				COMBINE_HIDPI_IMAGES = YES;
				COPY_PHASE_STRIP = NO;
				DEBUG_INFORMATION_FORMAT = dwarf;
				DYLIB_INSTALL_NAME_BASE = "@rpath";
				ENABLE_NS_ASSERTIONS = YES;
				GCC_OPTIMIZATION_LEVEL = 0;
				GCC_PREPROCESSOR_DEFINITIONS = (
					"DEBUG=1",
					"$(inherited)",
				);
				MACOSX_DEPLOYMENT_TARGET = 10.10;
				ONLY_ACTIVE_ARCH = YES;
				OTHER_SWIFT_FLAGS = "-DXcode";
				PRODUCT_NAME = "$(TARGET_NAME)";
				SDKROOT = macosx;
				SUPPORTED_PLATFORMS = "macosx iphoneos iphonesimulator appletvos appletvsimulator watchos watchsimulator";
				SWIFT_ACTIVE_COMPILATION_CONDITIONS = "SWIFT_PACKAGE DEBUG";
				SWIFT_OPTIMIZATION_LEVEL = "-Onone";
				USE_HEADERMAP = NO;
			};
			name = Debug;
		};
		OBJ_4 /* Release */ = {
			isa = XCBuildConfiguration;
			buildSettings = {
				CLANG_ENABLE_OBJC_ARC = YES;
				COMBINE_HIDPI_IMAGES = YES;
				COPY_PHASE_STRIP = YES;
				DEBUG_INFORMATION_FORMAT = "dwarf-with-dsym";
				DYLIB_INSTALL_NAME_BASE = "@rpath";
				GCC_OPTIMIZATION_LEVEL = s;
				MACOSX_DEPLOYMENT_TARGET = 10.10;
				OTHER_SWIFT_FLAGS = "-DXcode";
				PRODUCT_NAME = "$(TARGET_NAME)";
				SDKROOT = macosx;
				SUPPORTED_PLATFORMS = "macosx iphoneos iphonesimulator appletvos appletvsimulator watchos watchsimulator";
				SWIFT_ACTIVE_COMPILATION_CONDITIONS = SWIFT_PACKAGE;
				SWIFT_OPTIMIZATION_LEVEL = "-Owholemodule";
				USE_HEADERMAP = NO;
			};
			name = Release;
		};
		OBJ_47 /* Debug */ = {
			isa = XCBuildConfiguration;
			buildSettings = {
				ENABLE_TESTABILITY = YES;
				FRAMEWORK_SEARCH_PATHS = (
					"$(inherited)",
					"$(PLATFORM_DIR)/Developer/Library/Frameworks",
				);
				HEADER_SEARCH_PATHS = "$(inherited)";
				INFOPLIST_FILE = MiseEnPlace.xcodeproj/MiseEnPlace_Info.plist;
				LD_RUNPATH_SEARCH_PATHS = "$(inherited) $(TOOLCHAIN_DIR)/usr/lib/swift/macosx";
				OTHER_CFLAGS = "$(inherited)";
				OTHER_LDFLAGS = "$(inherited)";
				OTHER_SWIFT_FLAGS = "$(inherited)";
				PRODUCT_BUNDLE_IDENTIFIER = MiseEnPlace;
				PRODUCT_MODULE_NAME = "$(TARGET_NAME:c99extidentifier)";
				PRODUCT_NAME = "$(TARGET_NAME:c99extidentifier)";
				SKIP_INSTALL = YES;
				SWIFT_ACTIVE_COMPILATION_CONDITIONS = "$(inherited)";
				SWIFT_VERSION = 4.2;
				TARGET_NAME = MiseEnPlace;
			};
			name = Debug;
		};
		OBJ_48 /* Release */ = {
			isa = XCBuildConfiguration;
			buildSettings = {
				ENABLE_TESTABILITY = YES;
				FRAMEWORK_SEARCH_PATHS = (
					"$(inherited)",
					"$(PLATFORM_DIR)/Developer/Library/Frameworks",
				);
				HEADER_SEARCH_PATHS = "$(inherited)";
				INFOPLIST_FILE = MiseEnPlace.xcodeproj/MiseEnPlace_Info.plist;
				LD_RUNPATH_SEARCH_PATHS = "$(inherited) $(TOOLCHAIN_DIR)/usr/lib/swift/macosx";
				OTHER_CFLAGS = "$(inherited)";
				OTHER_LDFLAGS = "$(inherited)";
				OTHER_SWIFT_FLAGS = "$(inherited)";
				PRODUCT_BUNDLE_IDENTIFIER = MiseEnPlace;
				PRODUCT_MODULE_NAME = "$(TARGET_NAME:c99extidentifier)";
				PRODUCT_NAME = "$(TARGET_NAME:c99extidentifier)";
				SKIP_INSTALL = YES;
				SWIFT_ACTIVE_COMPILATION_CONDITIONS = "$(inherited)";
				SWIFT_VERSION = 4.2;
				TARGET_NAME = MiseEnPlace;
			};
			name = Release;
		};
		OBJ_76 /* Debug */ = {
			isa = XCBuildConfiguration;
			buildSettings = {
				LD = /usr/bin/true;
				OTHER_SWIFT_FLAGS = "-swift-version 4.2 -I $(TOOLCHAIN_DIR)/usr/lib/swift/pm/4_2 -target x86_64-apple-macosx10.10 -sdk /Applications/Xcode.app/Contents/Developer/Platforms/MacOSX.platform/Developer/SDKs/MacOSX10.14.sdk";
				SWIFT_VERSION = 4.2;
			};
			name = Debug;
		};
		OBJ_77 /* Release */ = {
			isa = XCBuildConfiguration;
			buildSettings = {
				LD = /usr/bin/true;
				OTHER_SWIFT_FLAGS = "-swift-version 4.2 -I $(TOOLCHAIN_DIR)/usr/lib/swift/pm/4_2 -target x86_64-apple-macosx10.10 -sdk /Applications/Xcode.app/Contents/Developer/Platforms/MacOSX.platform/Developer/SDKs/MacOSX10.14.sdk";
				SWIFT_VERSION = 4.2;
			};
			name = Release;
		};
		OBJ_82 /* Debug */ = {
			isa = XCBuildConfiguration;
			buildSettings = {
			};
			name = Debug;
		};
		OBJ_83 /* Release */ = {
			isa = XCBuildConfiguration;
			buildSettings = {
			};
			name = Release;
		};
		OBJ_87 /* Debug */ = {
			isa = XCBuildConfiguration;
			buildSettings = {
				CLANG_ENABLE_MODULES = YES;
				EMBEDDED_CONTENT_CONTAINS_SWIFT = YES;
				FRAMEWORK_SEARCH_PATHS = (
					"$(inherited)",
					"$(PLATFORM_DIR)/Developer/Library/Frameworks",
				);
				HEADER_SEARCH_PATHS = "$(inherited)";
				INFOPLIST_FILE = MiseEnPlace.xcodeproj/MiseEnPlaceTests_Info.plist;
				LD_RUNPATH_SEARCH_PATHS = "$(inherited) @loader_path/../Frameworks @loader_path/Frameworks";
				OTHER_CFLAGS = "$(inherited)";
				OTHER_LDFLAGS = "$(inherited)";
				OTHER_SWIFT_FLAGS = "$(inherited)";
				SWIFT_ACTIVE_COMPILATION_CONDITIONS = "$(inherited)";
				SWIFT_VERSION = 4.2;
				TARGET_NAME = MiseEnPlaceTests;
			};
			name = Debug;
		};
		OBJ_88 /* Release */ = {
			isa = XCBuildConfiguration;
			buildSettings = {
				CLANG_ENABLE_MODULES = YES;
				EMBEDDED_CONTENT_CONTAINS_SWIFT = YES;
				FRAMEWORK_SEARCH_PATHS = (
					"$(inherited)",
					"$(PLATFORM_DIR)/Developer/Library/Frameworks",
				);
				HEADER_SEARCH_PATHS = "$(inherited)";
				INFOPLIST_FILE = MiseEnPlace.xcodeproj/MiseEnPlaceTests_Info.plist;
				LD_RUNPATH_SEARCH_PATHS = "$(inherited) @loader_path/../Frameworks @loader_path/Frameworks";
				OTHER_CFLAGS = "$(inherited)";
				OTHER_LDFLAGS = "$(inherited)";
				OTHER_SWIFT_FLAGS = "$(inherited)";
				SWIFT_ACTIVE_COMPILATION_CONDITIONS = "$(inherited)";
				SWIFT_VERSION = 4.2;
				TARGET_NAME = MiseEnPlaceTests;
			};
			name = Release;
		};
/* End XCBuildConfiguration section */

/* Begin XCConfigurationList section */
		OBJ_2 /* Build configuration list for PBXProject "MiseEnPlace" */ = {
			isa = XCConfigurationList;
			buildConfigurations = (
				OBJ_3 /* Debug */,
				OBJ_4 /* Release */,
			);
			defaultConfigurationIsVisible = 0;
			defaultConfigurationName = Release;
		};
		OBJ_46 /* Build configuration list for PBXNativeTarget "MiseEnPlace" */ = {
			isa = XCConfigurationList;
			buildConfigurations = (
				OBJ_47 /* Debug */,
				OBJ_48 /* Release */,
			);
			defaultConfigurationIsVisible = 0;
			defaultConfigurationName = Release;
		};
		OBJ_75 /* Build configuration list for PBXNativeTarget "MiseEnPlacePackageDescription" */ = {
			isa = XCConfigurationList;
			buildConfigurations = (
				OBJ_76 /* Debug */,
				OBJ_77 /* Release */,
			);
			defaultConfigurationIsVisible = 0;
			defaultConfigurationName = Release;
		};
		OBJ_81 /* Build configuration list for PBXAggregateTarget "MiseEnPlacePackageTests" */ = {
			isa = XCConfigurationList;
			buildConfigurations = (
				OBJ_82 /* Debug */,
				OBJ_83 /* Release */,
			);
			defaultConfigurationIsVisible = 0;
			defaultConfigurationName = Release;
		};
		OBJ_86 /* Build configuration list for PBXNativeTarget "MiseEnPlaceTests" */ = {
			isa = XCConfigurationList;
			buildConfigurations = (
				OBJ_87 /* Debug */,
				OBJ_88 /* Release */,
			);
			defaultConfigurationIsVisible = 0;
			defaultConfigurationName = Release;
		};
/* End XCConfigurationList section */
	};
	rootObject = OBJ_1 /* Project object */;
}
